
Microsoft Visual Studio Solution File, Format Version 12.00
# Visual Studio Version 16
VisualStudioVersion = 16.0.29806.167
MinimumVisualStudioVersion = 10.0.40219.1
Project("{9A19103F-16F7-4668-BE54-9A1E7A4F7556}") = "Golden_Ball.API", "Golden_Ball\Golden_Ball.API.csproj", "{982AB784-B44A-4D2B-BF34-EB89930F62E4}"
EndProject
Global
	GlobalSection(SolutionConfigurationPlatforms) = preSolution
		Debug|Any CPU = Debug|Any CPU
		Release|Any CPU = Release|Any CPU
	EndGlobalSection
	GlobalSection(ProjectConfigurationPlatforms) = postSolution
		{982AB784-B44A-4D2B-BF34-EB89930F62E4}.Debug|Any CPU.ActiveCfg = Debug|Any CPU
		{982AB784-B44A-4D2B-BF34-EB89930F62E4}.Debug|Any CPU.Build.0 = Debug|Any CPU
		{982AB784-B44A-4D2B-BF34-EB89930F62E4}.Release|Any CPU.ActiveCfg = Release|Any CPU
		{982AB784-B44A-4D2B-BF34-EB89930F62E4}.Release|Any CPU.Build.0 = Release|Any CPU
	EndGlobalSection
	GlobalSection(SolutionProperties) = preSolution
		HideSolutionNode = FALSE
	EndGlobalSection
	GlobalSection(ExtensibilityGlobals) = postSolution
		SolutionGuid = {24039E18-A408-4128-9A00-FCB7F7B9EBDA}
	EndGlobalSection
EndGlobal
